{
  "version": 1,
  "dependencies": {
    "net8.0": {
      "Microsoft.DotNet.ILCompiler": {
        "type": "Direct",
        "requested": "[8.0.28, )",
        "resolved": "8.0.28",
        "contentHash": "nS/bx8GDSjFfmeH80Im0B8k2u4XL6Dnybc2qU1gb+fvwfaTiOcnSxLO530ERi0cgynBzIcodD+lf1CedRPtuIA=="
      },
      "Microsoft.NET.ILLink.Tasks": {
        "type": "Direct",
        "requested": "[8.0.28, )",
        "resolved": "8.0.28",
        "contentHash": "XMqgVjlLxLqWmEh3c49haXLQwsMNtvo6YscUaqfvEGfg1iA8hnYgkUVq3i9Zu9gKeNKMWiiZKVwZExc/qyEAsQ=="
      },
      "DocumentFormat.OpenXml": {
        "type": "Transitive",
        "resolved": "3.5.1",
        "contentHash": "zxdOf5VVCe/uNklbRhj8dVBzQGj3DoqkUuqOp9cAZVuN8mNYDjof1lvSQA2OQNr8Ptc9d7pbA7Azq/ReaI3FpA==",
        "dependencies": {
          "DocumentFormat.OpenXml.Framework": "3.5.1"
        }
      },
      "DocumentFormat.OpenXml.Framework": {
        "type": "Transitive",
        "resolved": "3.5.1",
        "contentHash": "U5txtc3ORno73xQx9Lf2gWzfaSZnZwKHfLkTAslhlew9lxe5XbUiCt0dY1fHeAf8yRqszUAe5i/+xLC9R/Xfsw==",
        "dependencies": {
          "System.IO.Packaging": "8.0.1"
        }
      },
      "Google.Protobuf": {
        "type": "Transitive",
        "resolved": "3.35.1",
        "contentHash": "pxtkuXhR8svkvDTQrYew9GZQt6eWhblz/V/WKUFrQgkHYlQPsumJTeF6ppHRJpe6j9ffukkd5lQULiiKaek4xA=="
      },
      "System.IO.Packaging": {
        "type": "Transitive",
        "resolved": "8.0.1",
        "contentHash": "KYkIOAvPexQOLDxPO2g0BVoWInnQhPpkFzRqvNrNrMhVT6kqhVr0zEb6KCHlptLFukxnZrjuMVAnxK7pOGUYrw=="
      },
      "officekit.codec.shared": {
        "type": "Project",
        "dependencies": {
          "DocumentFormat.OpenXml": "[3.5.1, )",
          "Google.Protobuf": "[3.35.1, )"
        }
      },
      "officekit.document.codec": {
        "type": "Project",
        "dependencies": {
          "OfficeKit.Codec.Shared": "[1.0.0, )"
        }
      },
      "officekit.spreadsheet.codec": {
        "type": "Project",
        "dependencies": {
          "OfficeKit.Codec.Shared": "[1.0.0, )"
        }
      }
    },
    "net8.0/linux-x64": {
      "Microsoft.DotNet.ILCompiler": {
        "type": "Direct",
        "requested": "[8.0.28, )",
        "resolved": "8.0.28",
        "contentHash": "nS/bx8GDSjFfmeH80Im0B8k2u4XL6Dnybc2qU1gb+fvwfaTiOcnSxLO530ERi0cgynBzIcodD+lf1CedRPtuIA==",
        "dependencies": {
          "runtime.linux-x64.Microsoft.DotNet.ILCompiler": "8.0.28"
        }
      },
      "runtime.linux-x64.Microsoft.DotNet.ILCompiler": {
        "type": "Transitive",
        "resolved": "8.0.28",
        "contentHash": "2A4E9cNzMxJHMrrpACVO8ZNe91CJtR82gurK/1OgvSY8nTROdix+rKLwDplqtDMQJQgYWfXUYKFZQwLtBdBecQ=="
      }
    },
    "net8.0/osx-arm64": {
      "Microsoft.DotNet.ILCompiler": {
        "type": "Direct",
        "requested": "[8.0.28, )",
        "resolved": "8.0.28",
        "contentHash": "nS/bx8GDSjFfmeH80Im0B8k2u4XL6Dnybc2qU1gb+fvwfaTiOcnSxLO530ERi0cgynBzIcodD+lf1CedRPtuIA==",
        "dependencies": {
          "runtime.osx-arm64.Microsoft.DotNet.ILCompiler": "8.0.28"
        }
      },
      "runtime.osx-arm64.Microsoft.DotNet.ILCompiler": {
        "type": "Transitive",
        "resolved": "8.0.28",
        "contentHash": "L+bUnWG4AUWLVjYCqQqVthJGWnrrhGBO3zwXywyEHkJ4td4tOlBbZ1MQm3C+GJ46VhjXJHxGgkvGyJtnjvi+kg=="
      }
    },
    "net8.0/win-x64": {
      "Microsoft.DotNet.ILCompiler": {
        "type": "Direct",
        "requested": "[8.0.28, )",
        "resolved": "8.0.28",
        "contentHash": "nS/bx8GDSjFfmeH80Im0B8k2u4XL6Dnybc2qU1gb+fvwfaTiOcnSxLO530ERi0cgynBzIcodD+lf1CedRPtuIA==",
        "dependencies": {
          "runtime.win-x64.Microsoft.DotNet.ILCompiler": "8.0.28"
        }
      },
      "runtime.win-x64.Microsoft.DotNet.ILCompiler": {
        "type": "Transitive",
        "resolved": "8.0.28",
        "contentHash": "cSZJq9NOyey77EI1M/N324aScmQLBonWS004IF2gWldIZMr/yYzYLIZws84VftwOatRjhEV4zGve4KISN95GTg=="
      }
    }
  }
}